{
  "lockfileVersion": 1,
  "configVersion": 1,
  "workspaces": {
    "": {
      "name": "@bounded-systems/door-kit",
      "devDependencies": {
        "@bounded-systems/concierge-wire": "npm:@jsr/bounded-systems__concierge-wire@^0.1.0",
        "@bounded-systems/keeper-wire": "npm:@jsr/bounded-systems__keeper-wire@^0.2.0",
        "@bounded-systems/scout-wire": "npm:@jsr/bounded-systems__scout-wire@^0.3.0",
        "@bounded-systems/seam-check": "npm:@jsr/bounded-systems__seam-check@^0.1.0",
        "@types/bun": "^1.3.14",
      },
    },
  },
  "packages": {
    "@bounded-systems/concierge-wire": ["@jsr/bounded-systems__concierge-wire@0.1.0", "https://npm.jsr.io/~/11/@jsr/bounded-systems__concierge-wire/0.1.0.tgz", { "dependencies": { "@jsr/bounded-systems__verbspec": "^0.3.1", "zod": "^4.4.3" } }, "sha512-NS8UbNtwkWe85EHWqwuPZUTv1fhAIgs9PpNXkNvWaQOJtTeLatwW48MUWirQZwJtavqTrbUYOaQFfRc7C2AuZw=="],

    "@bounded-systems/keeper-wire": ["@jsr/bounded-systems__keeper-wire@0.2.0", "https://npm.jsr.io/~/11/@jsr/bounded-systems__keeper-wire/0.2.0.tgz", { "dependencies": { "@jsr/bounded-systems__verbspec": "^0.3.1", "zod": "^4.4.3" } }, "sha512-aLicNPTE3zBRubinMATo1pVSYzQ0Wa/2z43v0OGh3lCgO3pPJXU2WtstZgAiQZ/SiyNUAyE7AJJWltajLDs6SA=="],

    "@bounded-systems/scout-wire": ["@jsr/bounded-systems__scout-wire@0.3.0", "https://npm.jsr.io/~/11/@jsr/bounded-systems__scout-wire/0.3.0.tgz", { "dependencies": { "@jsr/bounded-systems__verbspec": "^0.3.1", "zod": "^4.4.3" } }, "sha512-pIkdC0XGuGcqpOWfxg4/HAkku0yzKvDUBeyEZ4liV9NeOi9vV9ThDnHtR3Gph18/oTFWeWdWQT6IZ2gItnnWBA=="],

    "@bounded-systems/seam-check": ["@jsr/bounded-systems__seam-check@0.1.0", "https://npm.jsr.io/~/11/@jsr/bounded-systems__seam-check/0.1.0.tgz", {}, "sha512-nFzH7o19uIBF7BfJrly668AkynjdZ99Qk6pVRoOsf7/9M5vtKK7emI+B2jDFMSMyqZvVuILWKXz7tFs2vD1/LA=="],

    "@jsr/bounded-systems__verbspec": ["@jsr/bounded-systems__verbspec@0.3.1", "https://npm.jsr.io/~/11/@jsr/bounded-systems__verbspec/0.3.1.tgz", { "dependencies": { "zod": "^4.4.3" } }, "sha512-PykdqLeXDO6MI/AE7KOTt8Fvy8Tm5jUYuZYbGjWggIsuFnqujQYYB6UWC79YFaGdzVu0MNkftCCvF9yCQv9nMQ=="],

    "@types/bun": ["@types/bun@1.3.14", "", { "dependencies": { "bun-types": "1.3.14" } }, "sha512-h1hFqFVcvAvD9j9K7ZW7vd82aSA+rTdznZa+5bwvCwqSB1jmmfLcbIWhOLx1/+boy/xmjgCs/OMUL8hRJSmnPw=="],

    "@types/node": ["@types/node@26.0.1", "", { "dependencies": { "undici-types": "~8.3.0" } }, "sha512-fc3KiUoBt6kie0N9bIW3E47vZsuaMf0PM2AaUpLCLT0s/LvX1nxAim6Fc049cNxODPpGm6qRAuUOB86SkRuPQw=="],

    "bun-types": ["bun-types@1.3.14", "", { "dependencies": { "@types/node": "*" } }, "sha512-4N0ig0fEomHt5R0KCFWjovxow98rIoRwKolrYdCcknNwMekCXRnWEUvgu5soYV8QXtVsrUD8B95MBOZGPvr6KQ=="],

    "undici-types": ["undici-types@8.3.0", "", {}, "sha512-j375ScV60dom+YkPFIfTLcOiPxkN/buHz5GobjLhixFuANaNs3C9l4GmrWqejgXWJ7BbJcFYpTEUkS1Ge8bpZQ=="],

    "zod": ["zod@4.4.3", "", {}, "sha512-ytENFjIJFl2UwYglde2jchW2Hwm4GJFLDiSXWdTrJQBIN9Fcyp7n4DhxJEiWNAJMV1/BqWfW/kkg71UDcHJyTQ=="],
  }
}
